
Microsoft Visual Studio Solution File, Format Version 12.00
# Visual Studio Version 17
VisualStudioVersion = 17.14.36301.6 d17.14
MinimumVisualStudioVersion = 10.0.40219.1
Project("{FAE04EC0-301F-11D3-BF4B-00C04F79EFBC}") = "CrackedRelicPriceChecker", "CrackedRelicPriceChecker.csproj", "{36C2B93B-EF2D-4D36-A5DA-BB1054802DE7}"
EndProject
Project("{2150E333-8FDC-42A3-9474-1A3956D46DE8}") = "tessdata", "tessdata", "{8EC462FD-D22E-90A8-E5CE-7E832BA40C5D}"
	ProjectSection(SolutionItems) = preProject
		tessdata\eng.traineddata = tessdata\eng.traineddata
	EndProjectSection
EndProject
Project("{FAE04EC0-301F-11D3-BF4B-00C04F79EFBC}") = "WarframeRelicScraper", "..\WarframeRelicScraper\WarframeRelicScraper.csproj", "{DF84818F-3DD6-471D-A000-EED6EC613A16}"
EndProject
Global
	GlobalSection(SolutionConfigurationPlatforms) = preSolution
		Debug|Any CPU = Debug|Any CPU
		Release|Any CPU = Release|Any CPU
	EndGlobalSection
	GlobalSection(ProjectConfigurationPlatforms) = postSolution
		{36C2B93B-EF2D-4D36-A5DA-BB1054802DE7}.Debug|Any CPU.ActiveCfg = Debug|Any CPU
		{36C2B93B-EF2D-4D36-A5DA-BB1054802DE7}.Debug|Any CPU.Build.0 = Debug|Any CPU
		{36C2B93B-EF2D-4D36-A5DA-BB1054802DE7}.Release|Any CPU.ActiveCfg = Release|Any CPU
		{36C2B93B-EF2D-4D36-A5DA-BB1054802DE7}.Release|Any CPU.Build.0 = Release|Any CPU
		{DF84818F-3DD6-471D-A000-EED6EC613A16}.Debug|Any CPU.ActiveCfg = Debug|Any CPU
		{DF84818F-3DD6-471D-A000-EED6EC613A16}.Debug|Any CPU.Build.0 = Debug|Any CPU
		{DF84818F-3DD6-471D-A000-EED6EC613A16}.Release|Any CPU.ActiveCfg = Release|Any CPU
		{DF84818F-3DD6-471D-A000-EED6EC613A16}.Release|Any CPU.Build.0 = Release|Any CPU
	EndGlobalSection
	GlobalSection(SolutionProperties) = preSolution
		HideSolutionNode = FALSE
	EndGlobalSection
	GlobalSection(ExtensibilityGlobals) = postSolution
		SolutionGuid = {6CE5DB97-C826-4C6A-9E13-8E4C7968956C}
	EndGlobalSection
EndGlobal
